
Microsoft Visual Studio Solution File, Format Version 12.00
# Visual Studio 15
VisualStudioVersion = 15.0.28307.1022
MinimumVisualStudioVersion = 10.0.40219.1
Project("{FAE04EC0-301F-11D3-BF4B-00C04F79EFBC}") = "project", "project\project.csproj", "{5FCECDF7-F270-4DDF-9733-FDB3DB3821B2}"
EndProject
Global
	GlobalSection(SolutionConfigurationPlatforms) = preSolution
		Debug|Any CPU = Debug|Any CPU
		Release|Any CPU = Release|Any CPU
	EndGlobalSection
	GlobalSection(ProjectConfigurationPlatforms) = postSolution
		{5FCECDF7-F270-4DDF-9733-FDB3DB3821B2}.Debug|Any CPU.ActiveCfg = Debug|Any CPU
		{5FCECDF7-F270-4DDF-9733-FDB3DB3821B2}.Debug|Any CPU.Build.0 = Debug|Any CPU
		{5FCECDF7-F270-4DDF-9733-FDB3DB3821B2}.Release|Any CPU.ActiveCfg = Release|Any CPU
		{5FCECDF7-F270-4DDF-9733-FDB3DB3821B2}.Release|Any CPU.Build.0 = Release|Any CPU
	EndGlobalSection
	GlobalSection(SolutionProperties) = preSolution
		HideSolutionNode = FALSE
	EndGlobalSection
	GlobalSection(ExtensibilityGlobals) = postSolution
		SolutionGuid = {57C4E172-D02F-4EF6-B362-E7583856CBBE}
	EndGlobalSection
EndGlobal
